# THIS IS AN AUTOGENERATED FILE. DO NOT EDIT THIS FILE DIRECTLY.
# yarn lockfile v1


"@rescript/core@^0.6.0":
  version "0.6.0"
  resolved "https://registry.yarnpkg.com/@rescript/core/-/core-0.6.0.tgz#d2aae335c2a91dd68acce0ec11716861e08500d5"
  integrity sha512-D4ykxSpbmxbQa99kCg6/DztwCNt1tV3t11BLSOvJPHNLSIuQxfAU3ddgRruaH9LQSKOrMUjxQS9z6RdG5iFPoA==

rescript@^11.0.0-rc.8:
  version "11.0.0-rc.8"
  resolved "https://registry.yarnpkg.com/rescript/-/rescript-11.0.0-rc.8.tgz#60c94034731cb894e09feacf10f1adb20efc7fb1"
  integrity sha512-KFeCeJ2tYtmSLD24o0WtWr7YLO22DflCWL31/L9Q8HGdHTLEhDNa+R0tnoyZ8B6wwm6bpNG8xosu1H4O+o7LGA==
